
Microsoft Visual Studio Solution File, Format Version 12.00
# Visual Studio Version 17
VisualStudioVersion = 17.7.34202.233
MinimumVisualStudioVersion = 10.0.40219.1
Project("{FAE04EC0-301F-11D3-BF4B-00C04F79EFBC}") = "UAS_PCD", "UAS_PCD\UAS_PCD.csproj", "{5CC391F1-0293-48E2-AB4F-5446ADDAEE26}"
EndProject
Project("{2150E333-8FDC-42A3-9474-1A3956D46DE8}") = "Solution Items", "Solution Items", "{AB2E14D9-BD88-4C71-B718-162DD4A7BD66}"
	ProjectSection(SolutionItems) = preProject
		.gitignore = .gitignore
	EndProjectSection
EndProject
Project("{FAE04EC0-301F-11D3-BF4B-00C04F79EFBC}") = "OlahCitra.Core", "OlahCitra.Core\OlahCitra.Core.csproj", "{09384BFB-F1F1-4E3E-B48B-FB748E5AC541}"
EndProject
Project("{FAE04EC0-301F-11D3-BF4B-00C04F79EFBC}") = "OlahCitra.CustomControl", "OlahCitra.CustomControl\OlahCitra.CustomControl.csproj", "{2409525E-5F68-49C6-B15E-6825C6045BD3}"
EndProject
Global
	GlobalSection(SolutionConfigurationPlatforms) = preSolution
		Debug|Any CPU = Debug|Any CPU
		Release|Any CPU = Release|Any CPU
	EndGlobalSection
	GlobalSection(ProjectConfigurationPlatforms) = postSolution
		{5CC391F1-0293-48E2-AB4F-5446ADDAEE26}.Debug|Any CPU.ActiveCfg = Debug|Any CPU
		{5CC391F1-0293-48E2-AB4F-5446ADDAEE26}.Debug|Any CPU.Build.0 = Debug|Any CPU
		{5CC391F1-0293-48E2-AB4F-5446ADDAEE26}.Release|Any CPU.ActiveCfg = Release|Any CPU
		{5CC391F1-0293-48E2-AB4F-5446ADDAEE26}.Release|Any CPU.Build.0 = Release|Any CPU
		{09384BFB-F1F1-4E3E-B48B-FB748E5AC541}.Debug|Any CPU.ActiveCfg = Debug|Any CPU
		{09384BFB-F1F1-4E3E-B48B-FB748E5AC541}.Debug|Any CPU.Build.0 = Debug|Any CPU
		{09384BFB-F1F1-4E3E-B48B-FB748E5AC541}.Release|Any CPU.ActiveCfg = Release|Any CPU
		{09384BFB-F1F1-4E3E-B48B-FB748E5AC541}.Release|Any CPU.Build.0 = Release|Any CPU
		{2409525E-5F68-49C6-B15E-6825C6045BD3}.Debug|Any CPU.ActiveCfg = Debug|Any CPU
		{2409525E-5F68-49C6-B15E-6825C6045BD3}.Debug|Any CPU.Build.0 = Debug|Any CPU
		{2409525E-5F68-49C6-B15E-6825C6045BD3}.Release|Any CPU.ActiveCfg = Release|Any CPU
		{2409525E-5F68-49C6-B15E-6825C6045BD3}.Release|Any CPU.Build.0 = Release|Any CPU
	EndGlobalSection
	GlobalSection(SolutionProperties) = preSolution
		HideSolutionNode = FALSE
	EndGlobalSection
	GlobalSection(ExtensibilityGlobals) = postSolution
		SolutionGuid = {DD533334-C26C-45B7-BDDA-E8572824E016}
	EndGlobalSection
EndGlobal
